
Microsoft Visual Studio Solution File, Format Version 12.00
# Visual Studio Version 17
VisualStudioVersion = 17.5.002.0
MinimumVisualStudioVersion = 10.0.40219.1
Project("{9A19103F-16F7-4668-BE54-9A1E7A4F7556}") = "BlazorDneme", "BlazorDneme.csproj", "{E9E20CFD-D4A3-4722-A8A8-75A3608D87F4}"
EndProject
Global
	GlobalSection(SolutionConfigurationPlatforms) = preSolution
		Debug|Any CPU = Debug|Any CPU
		Release|Any CPU = Release|Any CPU
	EndGlobalSection
	GlobalSection(ProjectConfigurationPlatforms) = postSolution
		{E9E20CFD-D4A3-4722-A8A8-75A3608D87F4}.Debug|Any CPU.ActiveCfg = Debug|Any CPU
		{E9E20CFD-D4A3-4722-A8A8-75A3608D87F4}.Debug|Any CPU.Build.0 = Debug|Any CPU
		{E9E20CFD-D4A3-4722-A8A8-75A3608D87F4}.Release|Any CPU.ActiveCfg = Release|Any CPU
		{E9E20CFD-D4A3-4722-A8A8-75A3608D87F4}.Release|Any CPU.Build.0 = Release|Any CPU
	EndGlobalSection
	GlobalSection(SolutionProperties) = preSolution
		HideSolutionNode = FALSE
	EndGlobalSection
	GlobalSection(ExtensibilityGlobals) = postSolution
		SolutionGuid = {4F04EA82-58CA-43C5-B712-DE4F9E8ABA22}
	EndGlobalSection
EndGlobal
